
Microsoft Visual Studio Solution File, Format Version 12.00
# Visual Studio Version 16
VisualStudioVersion = 16.0.809.4
MinimumVisualStudioVersion = 10.0.40219.1
Project("{FAE04EC0-301F-11D3-BF4B-00C04F79EFBC}") = "First", "First\First.csproj", "{198C131D-208F-46F6-87D1-56D6EB97CCBA}"
EndProject
Project("{FAE04EC0-301F-11D3-BF4B-00C04F79EFBC}") = "Second", "Second\Second.csproj", "{C6F1C9EE-7D35-4CD3-BE63-F3FFC0179C97}"
EndProject
Project("{FAE04EC0-301F-11D3-BF4B-00C04F79EFBC}") = "Third", "Third\Third.csproj", "{7345D60C-485D-439B-A428-FB00FE6B160A}"
EndProject
Project("{FAE04EC0-301F-11D3-BF4B-00C04F79EFBC}") = "Fourth", "Fourth\Fourth.csproj", "{50006178-5015-4CF4-AB6F-25EE970EC0DC}"
EndProject
Project("{FAE04EC0-301F-11D3-BF4B-00C04F79EFBC}") = "Fifth", "Fifth\Fifth.csproj", "{FB20D2DB-0F77-439B-A224-1CC9A21DFD1E}"
EndProject
Global
	GlobalSection(SolutionConfigurationPlatforms) = preSolution
		Debug|Any CPU = Debug|Any CPU
		Release|Any CPU = Release|Any CPU
	EndGlobalSection
	GlobalSection(ProjectConfigurationPlatforms) = postSolution
		{198C131D-208F-46F6-87D1-56D6EB97CCBA}.Debug|Any CPU.ActiveCfg = Debug|Any CPU
		{198C131D-208F-46F6-87D1-56D6EB97CCBA}.Debug|Any CPU.Build.0 = Debug|Any CPU
		{198C131D-208F-46F6-87D1-56D6EB97CCBA}.Release|Any CPU.ActiveCfg = Release|Any CPU
		{198C131D-208F-46F6-87D1-56D6EB97CCBA}.Release|Any CPU.Build.0 = Release|Any CPU
		{C6F1C9EE-7D35-4CD3-BE63-F3FFC0179C97}.Debug|Any CPU.ActiveCfg = Debug|Any CPU
		{C6F1C9EE-7D35-4CD3-BE63-F3FFC0179C97}.Debug|Any CPU.Build.0 = Debug|Any CPU
		{C6F1C9EE-7D35-4CD3-BE63-F3FFC0179C97}.Release|Any CPU.ActiveCfg = Release|Any CPU
		{C6F1C9EE-7D35-4CD3-BE63-F3FFC0179C97}.Release|Any CPU.Build.0 = Release|Any CPU
		{7345D60C-485D-439B-A428-FB00FE6B160A}.Debug|Any CPU.ActiveCfg = Debug|Any CPU
		{7345D60C-485D-439B-A428-FB00FE6B160A}.Debug|Any CPU.Build.0 = Debug|Any CPU
		{7345D60C-485D-439B-A428-FB00FE6B160A}.Release|Any CPU.ActiveCfg = Release|Any CPU
		{7345D60C-485D-439B-A428-FB00FE6B160A}.Release|Any CPU.Build.0 = Release|Any CPU
		{50006178-5015-4CF4-AB6F-25EE970EC0DC}.Debug|Any CPU.ActiveCfg = Debug|Any CPU
		{50006178-5015-4CF4-AB6F-25EE970EC0DC}.Debug|Any CPU.Build.0 = Debug|Any CPU
		{50006178-5015-4CF4-AB6F-25EE970EC0DC}.Release|Any CPU.ActiveCfg = Release|Any CPU
		{50006178-5015-4CF4-AB6F-25EE970EC0DC}.Release|Any CPU.Build.0 = Release|Any CPU
		{FB20D2DB-0F77-439B-A224-1CC9A21DFD1E}.Debug|Any CPU.ActiveCfg = Debug|Any CPU
		{FB20D2DB-0F77-439B-A224-1CC9A21DFD1E}.Debug|Any CPU.Build.0 = Debug|Any CPU
		{FB20D2DB-0F77-439B-A224-1CC9A21DFD1E}.Release|Any CPU.ActiveCfg = Release|Any CPU
		{FB20D2DB-0F77-439B-A224-1CC9A21DFD1E}.Release|Any CPU.Build.0 = Release|Any CPU
	EndGlobalSection
	GlobalSection(SolutionProperties) = preSolution
		HideSolutionNode = FALSE
	EndGlobalSection
	GlobalSection(ExtensibilityGlobals) = postSolution
		SolutionGuid = {61DBB04C-68AC-4B9B-8E26-C004AF8361CB}
	EndGlobalSection
EndGlobal
